
Microsoft Visual Studio Solution File, Format Version 12.00
# Visual Studio Version 16
VisualStudioVersion = 16.0.29324.140
MinimumVisualStudioVersion = 10.0.40219.1
Project("{8BC9CEB8-8B4A-11D0-8D11-00A0C91BC942}") = "CIS022_F2019_Lab5a Miguel Antonio Logarta", "CIS022_F2019_Lab5a Miguel Antonio Logarta\CIS022_F2019_Lab5a Miguel Antonio Logarta.vcxproj", "{3BEF0E68-76E0-4834-B744-12FEBF11288A}"
EndProject
Global
	GlobalSection(SolutionConfigurationPlatforms) = preSolution
		Debug|x64 = Debug|x64
		Debug|x86 = Debug|x86
		Release|x64 = Release|x64
		Release|x86 = Release|x86
	EndGlobalSection
	GlobalSection(ProjectConfigurationPlatforms) = postSolution
		{3BEF0E68-76E0-4834-B744-12FEBF11288A}.Debug|x64.ActiveCfg = Debug|x64
		{3BEF0E68-76E0-4834-B744-12FEBF11288A}.Debug|x64.Build.0 = Debug|x64
		{3BEF0E68-76E0-4834-B744-12FEBF11288A}.Debug|x86.ActiveCfg = Debug|Win32
		{3BEF0E68-76E0-4834-B744-12FEBF11288A}.Debug|x86.Build.0 = Debug|Win32
		{3BEF0E68-76E0-4834-B744-12FEBF11288A}.Release|x64.ActiveCfg = Release|x64
		{3BEF0E68-76E0-4834-B744-12FEBF11288A}.Release|x64.Build.0 = Release|x64
		{3BEF0E68-76E0-4834-B744-12FEBF11288A}.Release|x86.ActiveCfg = Release|Win32
		{3BEF0E68-76E0-4834-B744-12FEBF11288A}.Release|x86.Build.0 = Release|Win32
	EndGlobalSection
	GlobalSection(SolutionProperties) = preSolution
		HideSolutionNode = FALSE
	EndGlobalSection
	GlobalSection(ExtensibilityGlobals) = postSolution
		SolutionGuid = {837EB4BE-12DE-476B-8BCC-8251657002EF}
	EndGlobalSection
EndGlobal
