
Microsoft Visual Studio Solution File, Format Version 12.00
# Visual Studio Version 16
VisualStudioVersion = 16.0.29418.71
MinimumVisualStudioVersion = 10.0.40219.1
Project("{8BC9CEB8-8B4A-11D0-8D11-00A0C91BC942}") = "CIS022_F2019_HW6 Miguel Antonio Logarta", "CIS022_F2019_HW6 Miguel Antonio Logarta\CIS022_F2019_HW6 Miguel Antonio Logarta.vcxproj", "{B847834F-B1BA-4CD5-8ABC-D15406A4D9CD}"
EndProject
Global
	GlobalSection(SolutionConfigurationPlatforms) = preSolution
		Debug|x64 = Debug|x64
		Debug|x86 = Debug|x86
		Release|x64 = Release|x64
		Release|x86 = Release|x86
	EndGlobalSection
	GlobalSection(ProjectConfigurationPlatforms) = postSolution
		{B847834F-B1BA-4CD5-8ABC-D15406A4D9CD}.Debug|x64.ActiveCfg = Debug|x64
		{B847834F-B1BA-4CD5-8ABC-D15406A4D9CD}.Debug|x64.Build.0 = Debug|x64
		{B847834F-B1BA-4CD5-8ABC-D15406A4D9CD}.Debug|x86.ActiveCfg = Debug|Win32
		{B847834F-B1BA-4CD5-8ABC-D15406A4D9CD}.Debug|x86.Build.0 = Debug|Win32
		{B847834F-B1BA-4CD5-8ABC-D15406A4D9CD}.Release|x64.ActiveCfg = Release|x64
		{B847834F-B1BA-4CD5-8ABC-D15406A4D9CD}.Release|x64.Build.0 = Release|x64
		{B847834F-B1BA-4CD5-8ABC-D15406A4D9CD}.Release|x86.ActiveCfg = Release|Win32
		{B847834F-B1BA-4CD5-8ABC-D15406A4D9CD}.Release|x86.Build.0 = Release|Win32
	EndGlobalSection
	GlobalSection(SolutionProperties) = preSolution
		HideSolutionNode = FALSE
	EndGlobalSection
	GlobalSection(ExtensibilityGlobals) = postSolution
		SolutionGuid = {0ABC63A4-9717-4F28-98C2-BDCB670F6D73}
	EndGlobalSection
EndGlobal
